
Microsoft Visual Studio Solution File, Format Version 12.00
# Visual Studio Version 17
VisualStudioVersion = 17.5.33516.290
MinimumVisualStudioVersion = 10.0.40219.1
Project("{9A19103F-16F7-4668-BE54-9A1E7A4F7556}") = "Project_Appointments", "Project_Appointments\Project_Appointments.csproj", "{954FA5E4-E398-4B19-B9B3-B037B841E16A}"
EndProject
Project("{FAE04EC0-301F-11D3-BF4B-00C04F79EFBC}") = "ModelTests", "ModelTests\ModelTests.csproj", "{B0CB7FE5-764C-4EEC-AC42-1204182181D8}"
EndProject
Global
	GlobalSection(SolutionConfigurationPlatforms) = preSolution
		Debug|Any CPU = Debug|Any CPU
		Release|Any CPU = Release|Any CPU
	EndGlobalSection
	GlobalSection(ProjectConfigurationPlatforms) = postSolution
		{954FA5E4-E398-4B19-B9B3-B037B841E16A}.Debug|Any CPU.ActiveCfg = Debug|Any CPU
		{954FA5E4-E398-4B19-B9B3-B037B841E16A}.Debug|Any CPU.Build.0 = Debug|Any CPU
		{954FA5E4-E398-4B19-B9B3-B037B841E16A}.Release|Any CPU.ActiveCfg = Release|Any CPU
		{954FA5E4-E398-4B19-B9B3-B037B841E16A}.Release|Any CPU.Build.0 = Release|Any CPU
		{B0CB7FE5-764C-4EEC-AC42-1204182181D8}.Debug|Any CPU.ActiveCfg = Debug|Any CPU
		{B0CB7FE5-764C-4EEC-AC42-1204182181D8}.Debug|Any CPU.Build.0 = Debug|Any CPU
		{B0CB7FE5-764C-4EEC-AC42-1204182181D8}.Release|Any CPU.ActiveCfg = Release|Any CPU
		{B0CB7FE5-764C-4EEC-AC42-1204182181D8}.Release|Any CPU.Build.0 = Release|Any CPU
	EndGlobalSection
	GlobalSection(SolutionProperties) = preSolution
		HideSolutionNode = FALSE
	EndGlobalSection
	GlobalSection(ExtensibilityGlobals) = postSolution
		SolutionGuid = {CC567EE2-2F24-452A-9298-2602BAFCD12E}
	EndGlobalSection
EndGlobal
